
Microsoft Visual Studio Solution File, Format Version 12.00
# Visual Studio Version 17
VisualStudioVersion = 17.10.35013.160
MinimumVisualStudioVersion = 10.0.40219.1
Project("{8BC9CEB8-8B4A-11D0-8D11-00A0C91BC942}") = "Project24", "Project24\Project24.vcxproj", "{E62778A8-727F-4CCC-AF8E-9491F191EB92}"
EndProject
Project("{8BC9CEB8-8B4A-11D0-8D11-00A0C91BC942}") = "Sample-Test1", "Sample-Test1\Sample-Test1.vcxproj", "{01C2CF74-2805-481C-84EE-2CC9453EBE2C}"
EndProject
Project("{2150E333-8FDC-42A3-9474-1A3956D46DE8}") = "솔루션 항목", "솔루션 항목", "{A30FDC36-FE9F-4F5F-B231-1F28D2723A52}"
	ProjectSection(SolutionItems) = preProject
		.editorconfig = .editorconfig
		.gitignore = .gitignore
		README.md = README.md
	EndProjectSection
EndProject
Global
	GlobalSection(SolutionConfigurationPlatforms) = preSolution
		Debug|x64 = Debug|x64
		Debug|x86 = Debug|x86
		Release|x64 = Release|x64
		Release|x86 = Release|x86
	EndGlobalSection
	GlobalSection(ProjectConfigurationPlatforms) = postSolution
		{E62778A8-727F-4CCC-AF8E-9491F191EB92}.Debug|x64.ActiveCfg = Debug|x64
		{E62778A8-727F-4CCC-AF8E-9491F191EB92}.Debug|x64.Build.0 = Debug|x64
		{E62778A8-727F-4CCC-AF8E-9491F191EB92}.Debug|x86.ActiveCfg = Debug|Win32
		{E62778A8-727F-4CCC-AF8E-9491F191EB92}.Debug|x86.Build.0 = Debug|Win32
		{E62778A8-727F-4CCC-AF8E-9491F191EB92}.Release|x64.ActiveCfg = Release|x64
		{E62778A8-727F-4CCC-AF8E-9491F191EB92}.Release|x64.Build.0 = Release|x64
		{E62778A8-727F-4CCC-AF8E-9491F191EB92}.Release|x86.ActiveCfg = Release|Win32
		{E62778A8-727F-4CCC-AF8E-9491F191EB92}.Release|x86.Build.0 = Release|Win32
		{01C2CF74-2805-481C-84EE-2CC9453EBE2C}.Debug|x64.ActiveCfg = Debug|x64
		{01C2CF74-2805-481C-84EE-2CC9453EBE2C}.Debug|x64.Build.0 = Debug|x64
		{01C2CF74-2805-481C-84EE-2CC9453EBE2C}.Debug|x86.ActiveCfg = Debug|Win32
		{01C2CF74-2805-481C-84EE-2CC9453EBE2C}.Debug|x86.Build.0 = Debug|Win32
		{01C2CF74-2805-481C-84EE-2CC9453EBE2C}.Release|x64.ActiveCfg = Release|x64
		{01C2CF74-2805-481C-84EE-2CC9453EBE2C}.Release|x64.Build.0 = Release|x64
		{01C2CF74-2805-481C-84EE-2CC9453EBE2C}.Release|x86.ActiveCfg = Release|Win32
		{01C2CF74-2805-481C-84EE-2CC9453EBE2C}.Release|x86.Build.0 = Release|Win32
	EndGlobalSection
	GlobalSection(SolutionProperties) = preSolution
		HideSolutionNode = FALSE
	EndGlobalSection
	GlobalSection(ExtensibilityGlobals) = postSolution
		SolutionGuid = {128E3C02-803C-4888-8DFA-DB2B82252849}
	EndGlobalSection
EndGlobal
